// !$*UTF8*$!
{
	archiveVersion = 1;
	classes = {
	};
	objectVersion = 46;
	objects = {

/* Begin PBXBuildFile section */
		6C790E781B8D988C00A1726D /* Tests.m in Sources */ = {isa = PBXBuildFile; fileRef = 6C790E771B8D988C00A1726D /* Tests.m */; };
		6CDDAF4A1DA4536B003D23A1 /* Images.xcassets in Resources */ = {isa = PBXBuildFile; fileRef = 6CDDAF481DA4536B003D23A1 /* Images.xcassets */; };
		6CDDAF511DA4537C003D23A1 /* AppDelegate.m in Sources */ = {isa = PBXBuildFile; fileRef = 6CDDAF4D1DA4537C003D23A1 /* AppDelegate.m */; };
		6CDDAF521DA4537C003D23A1 /* main.m in Sources */ = {isa = PBXBuildFile; fileRef = 6CDDAF4E1DA4537C003D23A1 /* main.m */; };
		6CDDAF531DA4537C003D23A1 /* ViewController.m in Sources */ = {isa = PBXBuildFile; fileRef = 6CDDAF501DA4537C003D23A1 /* ViewController.m */; };
/* End PBXBuildFile section */

/* Begin PBXContainerItemProxy section */
		6C790E721B8D988C00A1726D /* PBXContainerItemProxy */ = {
			isa = PBXContainerItemProxy;
			containerPortal = 6C790E501B8D988C00A1726D /* Project object */;
			proxyType = 1;
			remoteGlobalIDString = 6C790E571B8D988C00A1726D;
			remoteInfo = iOS;
		};
/* End PBXContainerItemProxy section */

/* Begin PBXFileReference section */
		6C790E581B8D988C00A1726D /* iOS.app */ = {isa = PBXFileReference; explicitFileType = wrapper.application; includeInIndex = 0; path = iOS.app; sourceTree = BUILT_PRODUCTS_DIR; };
		6C790E711B8D988C00A1726D /* Tests.xctest */ = {isa = PBXFileReference; explicitFileType = wrapper.cfbundle; includeInIndex = 0; path = Tests.xctest; sourceTree = BUILT_PRODUCTS_DIR; };
		6C790E761B8D988C00A1726D /* Info.plist */ = {isa = PBXFileReference; lastKnownFileType = text.plist.xml; path = Info.plist; sourceTree = "<group>"; };
		6C790E771B8D988C00A1726D /* Tests.m */ = {isa = PBXFileReference; lastKnownFileType = sourcecode.c.objc; path = Tests.m; sourceTree = "<group>"; };
		6CDDAF481DA4536B003D23A1 /* Images.xcassets */ = {isa = PBXFileReference; lastKnownFileType = folder.assetcatalog; name = Images.xcassets; path = Resources/Images.xcassets; sourceTree = "<group>"; };
		6CDDAF491DA4536B003D23A1 /* Info.plist */ = {isa = PBXFileReference; fileEncoding = 4; lastKnownFileType = text.plist.xml; name = Info.plist; path = Resources/Info.plist; sourceTree = "<group>"; };
		6CDDAF4C1DA4537C003D23A1 /* AppDelegate.h */ = {isa = PBXFileReference; fileEncoding = 4; lastKnownFileType = sourcecode.c.h; name = AppDelegate.h; path = Source/AppDelegate.h; sourceTree = "<group>"; };
		6CDDAF4D1DA4537C003D23A1 /* AppDelegate.m */ = {isa = PBXFileReference; fileEncoding = 4; lastKnownFileType = sourcecode.c.objc; name = AppDelegate.m; path = Source/AppDelegate.m; sourceTree = "<group>"; };
		6CDDAF4E1DA4537C003D23A1 /* main.m */ = {isa = PBXFileReference; fileEncoding = 4; lastKnownFileType = sourcecode.c.objc; name = main.m; path = Source/main.m; sourceTree = "<group>"; };
		6CDDAF4F1DA4537C003D23A1 /* ViewController.h */ = {isa = PBXFileReference; fileEncoding = 4; lastKnownFileType = sourcecode.c.h; name = ViewController.h; path = Source/ViewController.h; sourceTree = "<group>"; };
		6CDDAF501DA4537C003D23A1 /* ViewController.m */ = {isa = PBXFileReference; fileEncoding = 4; lastKnownFileType = sourcecode.c.objc; name = ViewController.m; path = Source/ViewController.m; sourceTree = "<group>"; };
/* End PBXFileReference section */

/* Begin PBXFrameworksBuildPhase section */
		6C790E551B8D988C00A1726D /* Frameworks */ = {
			isa = PBXFrameworksBuildPhase;
			buildActionMask = 2147483647;
			files = (
			);
			runOnlyForDeploymentPostprocessing = 0;
		};
		6C790E6E1B8D988C00A1726D /* Frameworks */ = {
			isa = PBXFrameworksBuildPhase;
			buildActionMask = 2147483647;
			files = (
			);
			runOnlyForDeploymentPostprocessing = 0;
		};
/* End PBXFrameworksBuildPhase section */

/* Begin PBXGroup section */
		6C790E4F1B8D988C00A1726D = {
			isa = PBXGroup;
			children = (
				6C790E5A1B8D988C00A1726D /* iOS */,
				6C790E741B8D988C00A1726D /* Tests */,
				6C790E591B8D988C00A1726D /* Products */,
			);
			sourceTree = "<group>";
		};
		6C790E591B8D988C00A1726D /* Products */ = {
			isa = PBXGroup;
			children = (
				6C790E581B8D988C00A1726D /* iOS.app */,
				6C790E711B8D988C00A1726D /* Tests.xctest */,
			);
			name = Products;
			sourceTree = "<group>";
		};
		6C790E5A1B8D988C00A1726D /* iOS */ = {
			isa = PBXGroup;
			children = (
				6CDDAF541DA453C0003D23A1 /* Resources */,
				6CDDAF551DA453C9003D23A1 /* Source */,
			);
			path = iOS;
			sourceTree = "<group>";
		};
		6C790E741B8D988C00A1726D /* Tests */ = {
			isa = PBXGroup;
			children = (
				6C790E771B8D988C00A1726D /* Tests.m */,
				6C790E751B8D988C00A1726D /* Supporting Files */,
			);
			path = Tests;
			sourceTree = "<group>";
		};
		6C790E751B8D988C00A1726D /* Supporting Files */ = {
			isa = PBXGroup;
			children = (
				6C790E761B8D988C00A1726D /* Info.plist */,
			);
			name = "Supporting Files";
			sourceTree = "<group>";
		};
		6CDDAF541DA453C0003D23A1 /* Resources */ = {
			isa = PBXGroup;
			children = (
				6CDDAF481DA4536B003D23A1 /* Images.xcassets */,
				6CDDAF491DA4536B003D23A1 /* Info.plist */,
			);
			name = Resources;
			sourceTree = "<group>";
		};
		6CDDAF551DA453C9003D23A1 /* Source */ = {
			isa = PBXGroup;
			children = (
				6CDDAF4E1DA4537C003D23A1 /* main.m */,
				6CDDAF4C1DA4537C003D23A1 /* AppDelegate.h */,
				6CDDAF4D1DA4537C003D23A1 /* AppDelegate.m */,
				6CDDAF4F1DA4537C003D23A1 /* ViewController.h */,
				6CDDAF501DA4537C003D23A1 /* ViewController.m */,
			);
			name = Source;
			sourceTree = "<group>";
		};
/* End PBXGroup section */

/* Begin PBXNativeTarget section */
		6C790E571B8D988C00A1726D /* iOS */ = {
			isa = PBXNativeTarget;
			buildConfigurationList = 6C790E7B1B8D988C00A1726D /* Build configuration list for PBXNativeTarget "iOS" */;
			buildPhases = (
				6C790E541B8D988C00A1726D /* Sources */,
				6C790E551B8D988C00A1726D /* Frameworks */,
				6C790E561B8D988C00A1726D /* Resources */,
			);
			buildRules = (
			);
			dependencies = (
			);
			name = iOS;
			productName = iOS;
			productReference = 6C790E581B8D988C00A1726D /* iOS.app */;
			productType = "com.apple.product-type.application";
		};
		6C790E701B8D988C00A1726D /* Tests */ = {
			isa = PBXNativeTarget;
			buildConfigurationList = 6C790E7E1B8D988C00A1726D /* Build configuration list for PBXNativeTarget "Tests" */;
			buildPhases = (
				6C790E6D1B8D988C00A1726D /* Sources */,
				6C790E6E1B8D988C00A1726D /* Frameworks */,
				6C790E6F1B8D988C00A1726D /* Resources */,
			);
			buildRules = (
			);
			dependencies = (
				6C790E731B8D988C00A1726D /* PBXTargetDependency */,
			);
			name = Tests;
			productName = Tests;
			productReference = 6C790E711B8D988C00A1726D /* Tests.xctest */;
			productType = "com.apple.product-type.bundle.unit-test";
		};
/* End PBXNativeTarget section */

/* Begin PBXProject section */
		6C790E501B8D988C00A1726D /* Project object */ = {
			isa = PBXProject;
			attributes = {
				LastUpgradeCheck = 0800;
				ORGANIZATIONNAME = "";
				TargetAttributes = {
					6C790E571B8D988C00A1726D = {
						CreatedOnToolsVersion = 6.4;
					};
					6C790E701B8D988C00A1726D = {
						CreatedOnToolsVersion = 6.4;
						TestTargetID = 6C790E571B8D988C00A1726D;
					};
				};
			};
			buildConfigurationList = 6C790E531B8D988C00A1726D /* Build configuration list for PBXProject "Project" */;
			compatibilityVersion = "Xcode 3.2";
			developmentRegion = English;
			hasScannedForEncodings = 0;
			knownRegions = (
				en,
				Base,
			);
			mainGroup = 6C790E4F1B8D988C00A1726D;
			productRefGroup = 6C790E591B8D988C00A1726D /* Products */;
			projectDirPath = "";
			projectRoot = "";
			targets = (
				6C790E571B8D988C00A1726D /* iOS */,
				6C790E701B8D988C00A1726D /* Tests */,
			);
		};
/* End PBXProject section */

/* Begin PBXResourcesBuildPhase section */
		6C790E561B8D988C00A1726D /* Resources */ = {
			isa = PBXResourcesBuildPhase;
			buildActionMask = 2147483647;
			files = (
				6CDDAF4A1DA4536B003D23A1 /* Images.xcassets in Resources */,
			);
			runOnlyForDeploymentPostprocessing = 0;
		};
		6C790E6F1B8D988C00A1726D /* Resources */ = {
			isa = PBXResourcesBuildPhase;
			buildActionMask = 2147483647;
			files = (
			);
			runOnlyForDeploymentPostprocessing = 0;
		};
/* End PBXResourcesBuildPhase section */

/* Begin PBXSourcesBuildPhase section */
		6C790E541B8D988C00A1726D /* Sources */ = {
			isa = PBXSourcesBuildPhase;
			buildActionMask = 2147483647;
			files = (
				6CDDAF521DA4537C003D23A1 /* main.m in Sources */,
				6CDDAF511DA4537C003D23A1 /* AppDelegate.m in Sources */,
				6CDDAF531DA4537C003D23A1 /* ViewController.m in Sources */,
			);
			runOnlyForDeploymentPostprocessing = 0;
		};
		6C790E6D1B8D988C00A1726D /* Sources */ = {
			isa = PBXSourcesBuildPhase;
			buildActionMask = 2147483647;
			files = (
				6C790E781B8D988C00A1726D /* Tests.m in Sources */,
			);
			runOnlyForDeploymentPostprocessing = 0;
		};
/* End PBXSourcesBuildPhase section */

/* Begin PBXTargetDependency section */
		6C790E731B8D988C00A1726D /* PBXTargetDependency */ = {
			isa = PBXTargetDependency;
			target = 6C790E571B8D988C00A1726D /* iOS */;
			targetProxy = 6C790E721B8D988C00A1726D /* PBXContainerItemProxy */;
		};
/* End PBXTargetDependency section */

/* Begin XCBuildConfiguration section */
		6C790E791B8D988C00A1726D /* Debug */ = {
			isa = XCBuildConfiguration;
			buildSettings = {
				ALWAYS_SEARCH_USER_PATHS = NO;
				CLANG_CXX_LANGUAGE_STANDARD = "gnu++0x";
				CLANG_CXX_LIBRARY = "libc++";
				CLANG_ENABLE_MODULES = YES;
				CLANG_ENABLE_OBJC_ARC = YES;
				CLANG_WARN_BOOL_CONVERSION = YES;
				CLANG_WARN_CONSTANT_CONVERSION = YES;
				CLANG_WARN_DIRECT_OBJC_ISA_USAGE = YES_ERROR;
				CLANG_WARN_EMPTY_BODY = YES;
				CLANG_WARN_ENUM_CONVERSION = YES;
				CLANG_WARN_INFINITE_RECURSION = YES;
				CLANG_WARN_INT_CONVERSION = YES;
				CLANG_WARN_OBJC_ROOT_CLASS = YES_ERROR;
				CLANG_WARN_SUSPICIOUS_MOVE = YES;
				CLANG_WARN_UNREACHABLE_CODE = YES;
				CLANG_WARN__DUPLICATE_METHOD_MATCH = YES;
				"CODE_SIGN_IDENTITY[sdk=iphoneos*]" = "iPhone Developer";
				COPY_PHASE_STRIP = NO;
				DEBUG_INFORMATION_FORMAT = "dwarf-with-dsym";
				ENABLE_STRICT_OBJC_MSGSEND = YES;
				ENABLE_TESTABILITY = YES;
				GCC_C_LANGUAGE_STANDARD = gnu99;
				GCC_DYNAMIC_NO_PIC = NO;
				GCC_NO_COMMON_BLOCKS = YES;
				GCC_OPTIMIZATION_LEVEL = 0;
				GCC_PREPROCESSOR_DEFINITIONS = (
					"DEBUG=1",
					"$(inherited)",
				);
				GCC_SYMBOLS_PRIVATE_EXTERN = NO;
				GCC_WARN_64_TO_32_BIT_CONVERSION = YES;
				GCC_WARN_ABOUT_RETURN_TYPE = YES_ERROR;
				GCC_WARN_UNDECLARED_SELECTOR = YES;
				GCC_WARN_UNINITIALIZED_AUTOS = YES_AGGRESSIVE;
				GCC_WARN_UNUSED_FUNCTION = YES;
				GCC_WARN_UNUSED_VARIABLE = YES;
				IBSC_COMPILER_AUTO_ACTIVATE_CUSTOM_FONTS = NO;
				IPHONEOS_DEPLOYMENT_TARGET = 10.0;
				MTL_ENABLE_DEBUG_INFO = YES;
				ONLY_ACTIVE_ARCH = YES;
				SDKROOT = iphoneos;
				TARGETED_DEVICE_FAMILY = "1,2";
			};
			name = Debug;
		};
		6C790E7A1B8D988C00A1726D /* Release */ = {
			isa = XCBuildConfiguration;
			buildSettings = {
				ALWAYS_SEARCH_USER_PATHS = NO;
				CLANG_CXX_LANGUAGE_STANDARD = "gnu++0x";
				CLANG_CXX_LIBRARY = "libc++";
				CLANG_ENABLE_MODULES = YES;
				CLANG_ENABLE_OBJC_ARC = YES;
				CLANG_WARN_BOOL_CONVERSION = YES;
				CLANG_WARN_CONSTANT_CONVERSION = YES;
				CLANG_WARN_DIRECT_OBJC_ISA_USAGE = YES_ERROR;
				CLANG_WARN_EMPTY_BODY = YES;
				CLANG_WARN_ENUM_CONVERSION = YES;
				CLANG_WARN_INFINITE_RECURSION = YES;
				CLANG_WARN_INT_CONVERSION = YES;
				CLANG_WARN_OBJC_ROOT_CLASS = YES_ERROR;
				CLANG_WARN_SUSPICIOUS_MOVE = YES;
				CLANG_WARN_UNREACHABLE_CODE = YES;
				CLANG_WARN__DUPLICATE_METHOD_MATCH = YES;
				"CODE_SIGN_IDENTITY[sdk=iphoneos*]" = "iPhone Developer";
				COPY_PHASE_STRIP = NO;
				DEBUG_INFORMATION_FORMAT = "dwarf-with-dsym";
				ENABLE_NS_ASSERTIONS = NO;
				ENABLE_STRICT_OBJC_MSGSEND = YES;
				GCC_C_LANGUAGE_STANDARD = gnu99;
				GCC_NO_COMMON_BLOCKS = YES;
				GCC_WARN_64_TO_32_BIT_CONVERSION = YES;
				GCC_WARN_ABOUT_RETURN_TYPE = YES_ERROR;
				GCC_WARN_UNDECLARED_SELECTOR = YES;
				GCC_WARN_UNINITIALIZED_AUTOS = YES_AGGRESSIVE;
				GCC_WARN_UNUSED_FUNCTION = YES;
				GCC_WARN_UNUSED_VARIABLE = YES;
				IBSC_COMPILER_AUTO_ACTIVATE_CUSTOM_FONTS = NO;
				IPHONEOS_DEPLOYMENT_TARGET = 10.0;
				MTL_ENABLE_DEBUG_INFO = NO;
				SDKROOT = iphoneos;
				TARGETED_DEVICE_FAMILY = "1,2";
				VALIDATE_PRODUCT = YES;
			};
			name = Release;
		};
		6C790E7C1B8D988C00A1726D /* Debug */ = {
			isa = XCBuildConfiguration;
			buildSettings = {
				ASSETCATALOG_COMPILER_APPICON_NAME = AppIcon;
				DEVELOPMENT_TEAM = "";
				INFOPLIST_FILE = "$(SRCROOT)/iOS/Resources/Info.plist";
				LD_RUNPATH_SEARCH_PATHS = "$(inherited) @executable_path/Frameworks";
				PRODUCT_BUNDLE_IDENTIFIER = com.demoapp.ios;
				PRODUCT_NAME = "$(TARGET_NAME)";
			};
			name = Debug;
		};
		6C790E7D1B8D988C00A1726D /* Release */ = {
			isa = XCBuildConfiguration;
			buildSettings = {
				ASSETCATALOG_COMPILER_APPICON_NAME = AppIcon;
				DEVELOPMENT_TEAM = "";
				INFOPLIST_FILE = "$(SRCROOT)/iOS/Resources/Info.plist";
				LD_RUNPATH_SEARCH_PATHS = "$(inherited) @executable_path/Frameworks";
				PRODUCT_BUNDLE_IDENTIFIER = com.demoapp.ios;
				PRODUCT_NAME = "$(TARGET_NAME)";
			};
			name = Release;
		};
		6C790E7F1B8D988C00A1726D /* Debug */ = {
			isa = XCBuildConfiguration;
			buildSettings = {
				BUNDLE_LOADER = "$(TEST_HOST)";
				DEVELOPMENT_TEAM = "";
				FRAMEWORK_SEARCH_PATHS = (
					"$(SDKROOT)/Developer/Library/Frameworks",
					"$(inherited)",
				);
				GCC_PREPROCESSOR_DEFINITIONS = (
					"DEBUG=1",
					"$(inherited)",
				);
				INFOPLIST_FILE = Tests/Info.plist;
				LD_RUNPATH_SEARCH_PATHS = "$(inherited) @executable_path/Frameworks @loader_path/Frameworks";
				PRODUCT_BUNDLE_IDENTIFIER = "$(PRODUCT_NAME:rfc1034identifier)";
				PRODUCT_NAME = "$(TARGET_NAME)";
				TEST_HOST = "$(BUILT_PRODUCTS_DIR)/iOS.app/iOS";
			};
			name = Debug;
		};
		6C790E801B8D988C00A1726D /* Release */ = {
			isa = XCBuildConfiguration;
			buildSettings = {
				BUNDLE_LOADER = "$(TEST_HOST)";
				DEVELOPMENT_TEAM = "";
				FRAMEWORK_SEARCH_PATHS = (
					"$(SDKROOT)/Developer/Library/Frameworks",
					"$(inherited)",
				);
				INFOPLIST_FILE = Tests/Info.plist;
				LD_RUNPATH_SEARCH_PATHS = "$(inherited) @executable_path/Frameworks @loader_path/Frameworks";
				PRODUCT_BUNDLE_IDENTIFIER = "$(PRODUCT_NAME:rfc1034identifier)";
				PRODUCT_NAME = "$(TARGET_NAME)";
				TEST_HOST = "$(BUILT_PRODUCTS_DIR)/iOS.app/iOS";
			};
			name = Release;
		};
/* End XCBuildConfiguration section */

/* Begin XCConfigurationList section */
		6C790E531B8D988C00A1726D /* Build configuration list for PBXProject "Project" */ = {
			isa = XCConfigurationList;
			buildConfigurations = (
				6C790E791B8D988C00A1726D /* Debug */,
				6C790E7A1B8D988C00A1726D /* Release */,
			);
			defaultConfigurationIsVisible = 0;
			defaultConfigurationName = Release;
		};
		6C790E7B1B8D988C00A1726D /* Build configuration list for PBXNativeTarget "iOS" */ = {
			isa = XCConfigurationList;
			buildConfigurations = (
				6C790E7C1B8D988C00A1726D /* Debug */,
				6C790E7D1B8D988C00A1726D /* Release */,
			);
			defaultConfigurationIsVisible = 0;
			defaultConfigurationName = Release;
		};
		6C790E7E1B8D988C00A1726D /* Build configuration list for PBXNativeTarget "Tests" */ = {
			isa = XCConfigurationList;
			buildConfigurations = (
				6C790E7F1B8D988C00A1726D /* Debug */,
				6C790E801B8D988C00A1726D /* Release */,
			);
			defaultConfigurationIsVisible = 0;
			defaultConfigurationName = Release;
		};
/* End XCConfigurationList section */
	};
	rootObject = 6C790E501B8D988C00A1726D /* Project object */;
}
